
Microsoft Visual Studio Solution File, Format Version 12.00
# Visual Studio 15
VisualStudioVersion = 15.0.28307.572
MinimumVisualStudioVersion = 10.0.40219.1
Project("{FAE04EC0-301F-11D3-BF4B-00C04F79EFBC}") = "GAS.Android", "GAS\GAS.Android\GAS.Android.csproj", "{32557B84-4187-4911-8495-BDB96F858DDC}"
EndProject
Project("{FAE04EC0-301F-11D3-BF4B-00C04F79EFBC}") = "GAS.iOS", "GAS\GAS.iOS\GAS.iOS.csproj", "{71897913-C5E3-4D47-9BA0-6714C45136B4}"
EndProject
Project("{FAE04EC0-301F-11D3-BF4B-00C04F79EFBC}") = "GAS", "GAS\GAS\GAS.csproj", "{2F8FBFF6-D4F3-4696-98AC-60FE439C5E4D}"
EndProject
Global
	GlobalSection(SolutionConfigurationPlatforms) = preSolution
		Ad-Hoc|Any CPU = Ad-Hoc|Any CPU
		Ad-Hoc|iPhone = Ad-Hoc|iPhone
		Ad-Hoc|iPhoneSimulator = Ad-Hoc|iPhoneSimulator
		AppStore|Any CPU = AppStore|Any CPU
		AppStore|iPhone = AppStore|iPhone
		AppStore|iPhoneSimulator = AppStore|iPhoneSimulator
		Debug|Any CPU = Debug|Any CPU
		Debug|iPhone = Debug|iPhone
		Debug|iPhoneSimulator = Debug|iPhoneSimulator
		Release|Any CPU = Release|Any CPU
		Release|iPhone = Release|iPhone
		Release|iPhoneSimulator = Release|iPhoneSimulator
	EndGlobalSection
	GlobalSection(ProjectConfigurationPlatforms) = postSolution
		{32557B84-4187-4911-8495-BDB96F858DDC}.Ad-Hoc|Any CPU.ActiveCfg = Release|Any CPU
		{32557B84-4187-4911-8495-BDB96F858DDC}.Ad-Hoc|Any CPU.Build.0 = Release|Any CPU
		{32557B84-4187-4911-8495-BDB96F858DDC}.Ad-Hoc|Any CPU.Deploy.0 = Release|Any CPU
		{32557B84-4187-4911-8495-BDB96F858DDC}.Ad-Hoc|iPhone.ActiveCfg = Release|Any CPU
		{32557B84-4187-4911-8495-BDB96F858DDC}.Ad-Hoc|iPhone.Build.0 = Release|Any CPU
		{32557B84-4187-4911-8495-BDB96F858DDC}.Ad-Hoc|iPhone.Deploy.0 = Release|Any CPU
		{32557B84-4187-4911-8495-BDB96F858DDC}.Ad-Hoc|iPhoneSimulator.ActiveCfg = Release|Any CPU
		{32557B84-4187-4911-8495-BDB96F858DDC}.Ad-Hoc|iPhoneSimulator.Build.0 = Release|Any CPU
		{32557B84-4187-4911-8495-BDB96F858DDC}.Ad-Hoc|iPhoneSimulator.Deploy.0 = Release|Any CPU
		{32557B84-4187-4911-8495-BDB96F858DDC}.AppStore|Any CPU.ActiveCfg = Release|Any CPU
		{32557B84-4187-4911-8495-BDB96F858DDC}.AppStore|Any CPU.Build.0 = Release|Any CPU
		{32557B84-4187-4911-8495-BDB96F858DDC}.AppStore|Any CPU.Deploy.0 = Release|Any CPU
		{32557B84-4187-4911-8495-BDB96F858DDC}.AppStore|iPhone.ActiveCfg = Release|Any CPU
		{32557B84-4187-4911-8495-BDB96F858DDC}.AppStore|iPhone.Build.0 = Release|Any CPU
		{32557B84-4187-4911-8495-BDB96F858DDC}.AppStore|iPhone.Deploy.0 = Release|Any CPU
		{32557B84-4187-4911-8495-BDB96F858DDC}.AppStore|iPhoneSimulator.ActiveCfg = Release|Any CPU
		{32557B84-4187-4911-8495-BDB96F858DDC}.AppStore|iPhoneSimulator.Build.0 = Release|Any CPU
		{32557B84-4187-4911-8495-BDB96F858DDC}.AppStore|iPhoneSimulator.Deploy.0 = Release|Any CPU
		{32557B84-4187-4911-8495-BDB96F858DDC}.Debug|Any CPU.ActiveCfg = Debug|Any CPU
		{32557B84-4187-4911-8495-BDB96F858DDC}.Debug|Any CPU.Build.0 = Debug|Any CPU
		{32557B84-4187-4911-8495-BDB96F858DDC}.Debug|Any CPU.Deploy.0 = Debug|Any CPU
		{32557B84-4187-4911-8495-BDB96F858DDC}.Debug|iPhone.ActiveCfg = Debug|Any CPU
		{32557B84-4187-4911-8495-BDB96F858DDC}.Debug|iPhone.Build.0 = Debug|Any CPU
		{32557B84-4187-4911-8495-BDB96F858DDC}.Debug|iPhone.Deploy.0 = Debug|Any CPU
		{32557B84-4187-4911-8495-BDB96F858DDC}.Debug|iPhoneSimulator.ActiveCfg = Debug|Any CPU
		{32557B84-4187-4911-8495-BDB96F858DDC}.Debug|iPhoneSimulator.Build.0 = Debug|Any CPU
		{32557B84-4187-4911-8495-BDB96F858DDC}.Debug|iPhoneSimulator.Deploy.0 = Debug|Any CPU
		{32557B84-4187-4911-8495-BDB96F858DDC}.Release|Any CPU.ActiveCfg = Release|Any CPU
		{32557B84-4187-4911-8495-BDB96F858DDC}.Release|Any CPU.Build.0 = Release|Any CPU
		{32557B84-4187-4911-8495-BDB96F858DDC}.Release|Any CPU.Deploy.0 = Release|Any CPU
		{32557B84-4187-4911-8495-BDB96F858DDC}.Release|iPhone.ActiveCfg = Release|Any CPU
		{32557B84-4187-4911-8495-BDB96F858DDC}.Release|iPhone.Build.0 = Release|Any CPU
		{32557B84-4187-4911-8495-BDB96F858DDC}.Release|iPhone.Deploy.0 = Release|Any CPU
		{32557B84-4187-4911-8495-BDB96F858DDC}.Release|iPhoneSimulator.ActiveCfg = Release|Any CPU
		{32557B84-4187-4911-8495-BDB96F858DDC}.Release|iPhoneSimulator.Build.0 = Release|Any CPU
		{32557B84-4187-4911-8495-BDB96F858DDC}.Release|iPhoneSimulator.Deploy.0 = Release|Any CPU
		{71897913-C5E3-4D47-9BA0-6714C45136B4}.Ad-Hoc|Any CPU.ActiveCfg = Ad-Hoc|iPhone
		{71897913-C5E3-4D47-9BA0-6714C45136B4}.Ad-Hoc|Any CPU.Build.0 = Ad-Hoc|iPhone
		{71897913-C5E3-4D47-9BA0-6714C45136B4}.Ad-Hoc|Any CPU.Deploy.0 = Ad-Hoc|iPhone
		{71897913-C5E3-4D47-9BA0-6714C45136B4}.Ad-Hoc|iPhone.ActiveCfg = Ad-Hoc|iPhone
		{71897913-C5E3-4D47-9BA0-6714C45136B4}.Ad-Hoc|iPhone.Build.0 = Ad-Hoc|iPhone
		{71897913-C5E3-4D47-9BA0-6714C45136B4}.Ad-Hoc|iPhone.Deploy.0 = Ad-Hoc|iPhone
		{71897913-C5E3-4D47-9BA0-6714C45136B4}.Ad-Hoc|iPhoneSimulator.ActiveCfg = Ad-Hoc|iPhoneSimulator
		{71897913-C5E3-4D47-9BA0-6714C45136B4}.Ad-Hoc|iPhoneSimulator.Build.0 = Ad-Hoc|iPhoneSimulator
		{71897913-C5E3-4D47-9BA0-6714C45136B4}.Ad-Hoc|iPhoneSimulator.Deploy.0 = Ad-Hoc|iPhoneSimulator
		{71897913-C5E3-4D47-9BA0-6714C45136B4}.AppStore|Any CPU.ActiveCfg = AppStore|iPhone
		{71897913-C5E3-4D47-9BA0-6714C45136B4}.AppStore|Any CPU.Build.0 = AppStore|iPhone
		{71897913-C5E3-4D47-9BA0-6714C45136B4}.AppStore|Any CPU.Deploy.0 = AppStore|iPhone
		{71897913-C5E3-4D47-9BA0-6714C45136B4}.AppStore|iPhone.ActiveCfg = AppStore|iPhone
		{71897913-C5E3-4D47-9BA0-6714C45136B4}.AppStore|iPhone.Build.0 = AppStore|iPhone
		{71897913-C5E3-4D47-9BA0-6714C45136B4}.AppStore|iPhone.Deploy.0 = AppStore|iPhone
		{71897913-C5E3-4D47-9BA0-6714C45136B4}.AppStore|iPhoneSimulator.ActiveCfg = AppStore|iPhoneSimulator
		{71897913-C5E3-4D47-9BA0-6714C45136B4}.AppStore|iPhoneSimulator.Build.0 = AppStore|iPhoneSimulator
		{71897913-C5E3-4D47-9BA0-6714C45136B4}.AppStore|iPhoneSimulator.Deploy.0 = AppStore|iPhoneSimulator
		{71897913-C5E3-4D47-9BA0-6714C45136B4}.Debug|Any CPU.ActiveCfg = Debug|iPhoneSimulator
		{71897913-C5E3-4D47-9BA0-6714C45136B4}.Debug|Any CPU.Build.0 = Debug|iPhoneSimulator
		{71897913-C5E3-4D47-9BA0-6714C45136B4}.Debug|Any CPU.Deploy.0 = Debug|iPhoneSimulator
		{71897913-C5E3-4D47-9BA0-6714C45136B4}.Debug|iPhone.ActiveCfg = Debug|iPhone
		{71897913-C5E3-4D47-9BA0-6714C45136B4}.Debug|iPhone.Build.0 = Debug|iPhone
		{71897913-C5E3-4D47-9BA0-6714C45136B4}.Debug|iPhone.Deploy.0 = Debug|iPhone
		{71897913-C5E3-4D47-9BA0-6714C45136B4}.Debug|iPhoneSimulator.ActiveCfg = Debug|iPhoneSimulator
		{71897913-C5E3-4D47-9BA0-6714C45136B4}.Debug|iPhoneSimulator.Build.0 = Debug|iPhoneSimulator
		{71897913-C5E3-4D47-9BA0-6714C45136B4}.Debug|iPhoneSimulator.Deploy.0 = Debug|iPhoneSimulator
		{71897913-C5E3-4D47-9BA0-6714C45136B4}.Release|Any CPU.ActiveCfg = Release|iPhone
		{71897913-C5E3-4D47-9BA0-6714C45136B4}.Release|Any CPU.Build.0 = Release|iPhone
		{71897913-C5E3-4D47-9BA0-6714C45136B4}.Release|Any CPU.Deploy.0 = Release|iPhone
		{71897913-C5E3-4D47-9BA0-6714C45136B4}.Release|iPhone.ActiveCfg = Release|iPhone
		{71897913-C5E3-4D47-9BA0-6714C45136B4}.Release|iPhone.Build.0 = Release|iPhone
		{71897913-C5E3-4D47-9BA0-6714C45136B4}.Release|iPhone.Deploy.0 = Release|iPhone
		{71897913-C5E3-4D47-9BA0-6714C45136B4}.Release|iPhoneSimulator.ActiveCfg = Release|iPhoneSimulator
		{71897913-C5E3-4D47-9BA0-6714C45136B4}.Release|iPhoneSimulator.Build.0 = Release|iPhoneSimulator
		{71897913-C5E3-4D47-9BA0-6714C45136B4}.Release|iPhoneSimulator.Deploy.0 = Release|iPhoneSimulator
		{2F8FBFF6-D4F3-4696-98AC-60FE439C5E4D}.Ad-Hoc|Any CPU.ActiveCfg = Debug|Any CPU
		{2F8FBFF6-D4F3-4696-98AC-60FE439C5E4D}.Ad-Hoc|Any CPU.Build.0 = Debug|Any CPU
		{2F8FBFF6-D4F3-4696-98AC-60FE439C5E4D}.Ad-Hoc|Any CPU.Deploy.0 = Debug|Any CPU
		{2F8FBFF6-D4F3-4696-98AC-60FE439C5E4D}.Ad-Hoc|iPhone.ActiveCfg = Debug|Any CPU
		{2F8FBFF6-D4F3-4696-98AC-60FE439C5E4D}.Ad-Hoc|iPhone.Build.0 = Debug|Any CPU
		{2F8FBFF6-D4F3-4696-98AC-60FE439C5E4D}.Ad-Hoc|iPhone.Deploy.0 = Debug|Any CPU
		{2F8FBFF6-D4F3-4696-98AC-60FE439C5E4D}.Ad-Hoc|iPhoneSimulator.ActiveCfg = Debug|Any CPU
		{2F8FBFF6-D4F3-4696-98AC-60FE439C5E4D}.Ad-Hoc|iPhoneSimulator.Build.0 = Debug|Any CPU
		{2F8FBFF6-D4F3-4696-98AC-60FE439C5E4D}.Ad-Hoc|iPhoneSimulator.Deploy.0 = Debug|Any CPU
		{2F8FBFF6-D4F3-4696-98AC-60FE439C5E4D}.AppStore|Any CPU.ActiveCfg = Debug|Any CPU
		{2F8FBFF6-D4F3-4696-98AC-60FE439C5E4D}.AppStore|Any CPU.Build.0 = Debug|Any CPU
		{2F8FBFF6-D4F3-4696-98AC-60FE439C5E4D}.AppStore|Any CPU.Deploy.0 = Debug|Any CPU
		{2F8FBFF6-D4F3-4696-98AC-60FE439C5E4D}.AppStore|iPhone.ActiveCfg = Debug|Any CPU
		{2F8FBFF6-D4F3-4696-98AC-60FE439C5E4D}.AppStore|iPhone.Build.0 = Debug|Any CPU
		{2F8FBFF6-D4F3-4696-98AC-60FE439C5E4D}.AppStore|iPhone.Deploy.0 = Debug|Any CPU
		{2F8FBFF6-D4F3-4696-98AC-60FE439C5E4D}.AppStore|iPhoneSimulator.ActiveCfg = Debug|Any CPU
		{2F8FBFF6-D4F3-4696-98AC-60FE439C5E4D}.AppStore|iPhoneSimulator.Build.0 = Debug|Any CPU
		{2F8FBFF6-D4F3-4696-98AC-60FE439C5E4D}.AppStore|iPhoneSimulator.Deploy.0 = Debug|Any CPU
		{2F8FBFF6-D4F3-4696-98AC-60FE439C5E4D}.Debug|Any CPU.ActiveCfg = Debug|Any CPU
		{2F8FBFF6-D4F3-4696-98AC-60FE439C5E4D}.Debug|Any CPU.Build.0 = Debug|Any CPU
		{2F8FBFF6-D4F3-4696-98AC-60FE439C5E4D}.Debug|Any CPU.Deploy.0 = Debug|Any CPU
		{2F8FBFF6-D4F3-4696-98AC-60FE439C5E4D}.Debug|iPhone.ActiveCfg = Debug|Any CPU
		{2F8FBFF6-D4F3-4696-98AC-60FE439C5E4D}.Debug|iPhone.Build.0 = Debug|Any CPU
		{2F8FBFF6-D4F3-4696-98AC-60FE439C5E4D}.Debug|iPhone.Deploy.0 = Debug|Any CPU
		{2F8FBFF6-D4F3-4696-98AC-60FE439C5E4D}.Debug|iPhoneSimulator.ActiveCfg = Debug|Any CPU
		{2F8FBFF6-D4F3-4696-98AC-60FE439C5E4D}.Debug|iPhoneSimulator.Build.0 = Debug|Any CPU
		{2F8FBFF6-D4F3-4696-98AC-60FE439C5E4D}.Debug|iPhoneSimulator.Deploy.0 = Debug|Any CPU
		{2F8FBFF6-D4F3-4696-98AC-60FE439C5E4D}.Release|Any CPU.ActiveCfg = Release|Any CPU
		{2F8FBFF6-D4F3-4696-98AC-60FE439C5E4D}.Release|Any CPU.Build.0 = Release|Any CPU
		{2F8FBFF6-D4F3-4696-98AC-60FE439C5E4D}.Release|Any CPU.Deploy.0 = Release|Any CPU
		{2F8FBFF6-D4F3-4696-98AC-60FE439C5E4D}.Release|iPhone.ActiveCfg = Release|Any CPU
		{2F8FBFF6-D4F3-4696-98AC-60FE439C5E4D}.Release|iPhone.Build.0 = Release|Any CPU
		{2F8FBFF6-D4F3-4696-98AC-60FE439C5E4D}.Release|iPhone.Deploy.0 = Release|Any CPU
		{2F8FBFF6-D4F3-4696-98AC-60FE439C5E4D}.Release|iPhoneSimulator.ActiveCfg = Release|Any CPU
		{2F8FBFF6-D4F3-4696-98AC-60FE439C5E4D}.Release|iPhoneSimulator.Build.0 = Release|Any CPU
		{2F8FBFF6-D4F3-4696-98AC-60FE439C5E4D}.Release|iPhoneSimulator.Deploy.0 = Release|Any CPU
	EndGlobalSection
	GlobalSection(SolutionProperties) = preSolution
		HideSolutionNode = FALSE
	EndGlobalSection
	GlobalSection(ExtensibilityGlobals) = postSolution
		SolutionGuid = {3C438209-0F4A-4076-B4B7-E89E62B27F6A}
	EndGlobalSection
EndGlobal
